{
  "name": "my-typescript-project",
  "version": "1.0.0",
  "lockfileVersion": 2,
  "requires": true,
  "packages": {
    "": {
      "version": "1.0.0",
      "license": "ISC",
      "dependencies": {
        "@types/memcached": "^2.2.10",
        "@types/redis": "^4.0.11",
        "memcached": "^2.2.2",
        "redis": "^4.7.0"
      },
      "devDependencies": {
        "typescript": "^5.5.4"
      }
    },
    "node_modules/@redis/bloom": {
      "version": "1.2.0",
      "resolved": "https://registry.npmjs.org/@redis/bloom/-/bloom-1.2.0.tgz",
      "integrity": "sha512-HG2DFjYKbpNmVXsa0keLHp/3leGJz1mjh09f2RLGGLQZzSHpkmZWuwJbAvo3QcRY8p80m5+ZdXZdYOSBLlp7Cg==",
      "peerDependencies": {
        "@redis/client": "^1.0.0"
      }
    },
    "node_modules/@redis/client": {
      "version": "1.6.0",
      "resolved": "https://registry.npmjs.org/@redis/client/-/client-1.6.0.tgz",
      "integrity": "sha512-aR0uffYI700OEEH4gYnitAnv3vzVGXCFvYfdpu/CJKvk4pHfLPEy/JSZyrpQ+15WhXe1yJRXLtfQ84s4mEXnPg==",
      "dependencies": {
        "cluster-key-slot": "1.1.2",
        "generic-pool": "3.9.0",
        "yallist": "4.0.0"
      },
      "engines": {
        "node": ">=14"
      }
    },
    "node_modules/@redis/graph": {
      "version": "1.1.1",
      "resolved": "https://registry.npmjs.org/@redis/graph/-/graph-1.1.1.tgz",
      "integrity": "sha512-FEMTcTHZozZciLRl6GiiIB4zGm5z5F3F6a6FZCyrfxdKOhFlGkiAqlexWMBzCi4DcRoyiOsuLfW+cjlGWyExOw==",
      "peerDependencies": {
        "@redis/client": "^1.0.0"
      }
    },
    "node_modules/@redis/json": {
      "version": "1.0.7",
      "resolved": "https://registry.npmjs.org/@redis/json/-/json-1.0.7.tgz",
      "integrity": "sha512-6UyXfjVaTBTJtKNG4/9Z8PSpKE6XgSyEb8iwaqDcy+uKrd/DGYHTWkUdnQDyzm727V7p21WUMhsqz5oy65kPcQ==",
      "peerDependencies": {
        "@redis/client": "^1.0.0"
      }
    },
    "node_modules/@redis/search": {
      "version": "1.2.0",
      "resolved": "https://registry.npmjs.org/@redis/search/-/search-1.2.0.tgz",
      "integrity": "sha512-tYoDBbtqOVigEDMAcTGsRlMycIIjwMCgD8eR2t0NANeQmgK/lvxNAvYyb6bZDD4frHRhIHkJu2TBRvB0ERkOmw==",
      "peerDependencies": {
        "@redis/client": "^1.0.0"
      }
    },
    "node_modules/@redis/time-series": {
      "version": "1.1.0",
      "resolved": "https://registry.npmjs.org/@redis/time-series/-/time-series-1.1.0.tgz",
      "integrity": "sha512-c1Q99M5ljsIuc4YdaCwfUEXsofakb9c8+Zse2qxTadu8TalLXuAESzLvFAvNVbkmSlvlzIQOLpBCmWI9wTOt+g==",
      "peerDependencies": {
        "@redis/client": "^1.0.0"
      }
    },
    "node_modules/@types/memcached": {
      "version": "2.2.10",
      "resolved": "https://registry.npmjs.org/@types/memcached/-/memcached-2.2.10.tgz",
      "integrity": "sha512-AM9smvZN55Gzs2wRrqeMHVP7KE8KWgCJO/XL5yCly2xF6EKa4YlbpK+cLSAH4NG/Ah64HrlegmGqW8kYws7Vxg==",
      "dependencies": {
        "@types/node": "*"
      }
    },
    "node_modules/@types/node": {
      "version": "22.1.0",
      "resolved": "https://registry.npmjs.org/@types/node/-/node-22.1.0.tgz",
      "integrity": "sha512-AOmuRF0R2/5j1knA3c6G3HOk523Ga+l+ZXltX8SF1+5oqcXijjfTd8fY3XRZqSihEu9XhtQnKYLmkFaoxgsJHw==",
      "dependencies": {
        "undici-types": "~6.13.0"
      }
    },
    "node_modules/@types/redis": {
      "version": "4.0.11",
      "resolved": "https://registry.npmjs.org/@types/redis/-/redis-4.0.11.tgz",
      "integrity": "sha512-bI+gth8La8Wg/QCR1+V1fhrL9+LZUSWfcqpOj2Kc80ZQ4ffbdL173vQd5wovmoV9i071FU9oP2g6etLuEwb6Rg==",
      "deprecated": "This is a stub types definition. redis provides its own type definitions, so you do not need this installed.",
      "dependencies": {
        "redis": "*"
      }
    },
    "node_modules/cluster-key-slot": {
      "version": "1.1.2",
      "resolved": "https://registry.npmjs.org/cluster-key-slot/-/cluster-key-slot-1.1.2.tgz",
      "integrity": "sha512-RMr0FhtfXemyinomL4hrWcYJxmX6deFdCxpJzhDttxgO1+bcCnkk+9drydLVDmAMG7NE6aN/fl4F7ucU/90gAA==",
      "engines": {
        "node": ">=0.10.0"
      }
    },
    "node_modules/connection-parse": {
      "version": "0.0.7",
      "resolved": "https://registry.npmjs.org/connection-parse/-/connection-parse-0.0.7.tgz",
      "integrity": "sha512-bTTG28diWg7R7/+qE5NZumwPbCiJOT8uPdZYu674brDjBWQctbaQbYlDKhalS+4i5HxIx+G8dZsnBHKzWpp01A=="
    },
    "node_modules/generic-pool": {
      "version": "3.9.0",
      "resolved": "https://registry.npmjs.org/generic-pool/-/generic-pool-3.9.0.tgz",
      "integrity": "sha512-hymDOu5B53XvN4QT9dBmZxPX4CWhBPPLguTZ9MMFeFa/Kg0xWVfylOVNlJji/E7yTZWFd/q9GO5TxDLq156D7g==",
      "engines": {
        "node": ">= 4"
      }
    },
    "node_modules/hashring": {
      "version": "3.2.0",
      "resolved": "https://registry.npmjs.org/hashring/-/hashring-3.2.0.tgz",
      "integrity": "sha512-xCMovURClsQZ+TR30icCZj+34Fq1hs0y6YCASD6ZqdRfYRybb5Iadws2WS+w09mGM/kf9xyA5FCdJQGcgcraSA==",
      "dependencies": {
        "connection-parse": "0.0.x",
        "simple-lru-cache": "0.0.x"
      }
    },
    "node_modules/jackpot": {
      "version": "0.0.6",
      "resolved": "https://registry.npmjs.org/jackpot/-/jackpot-0.0.6.tgz",
      "integrity": "sha512-rbWXX+A9ooq03/dfavLg9OXQ8YB57Wa7PY5c4LfU3CgFpwEhhl3WyXTQVurkaT7zBM5I9SSOaiLyJ4I0DQmC0g==",
      "dependencies": {
        "retry": "0.6.0"
      }
    },
    "node_modules/memcached": {
      "version": "2.2.2",
      "resolved": "https://registry.npmjs.org/memcached/-/memcached-2.2.2.tgz",
      "integrity": "sha512-lHwUmqkT9WdUUgRsAvquO4xsKXYaBd644Orz31tuth+w/BIfFNuJMWwsG7sa7H3XXytaNfPTZ5R/yOG3d9zJMA==",
      "dependencies": {
        "hashring": "3.2.x",
        "jackpot": ">=0.0.6"
      }
    },
    "node_modules/redis": {
      "version": "4.7.0",
      "resolved": "https://registry.npmjs.org/redis/-/redis-4.7.0.tgz",
      "integrity": "sha512-zvmkHEAdGMn+hMRXuMBtu4Vo5P6rHQjLoHftu+lBqq8ZTA3RCVC/WzD790bkKKiNFp7d5/9PcSD19fJyyRvOdQ==",
      "dependencies": {
        "@redis/bloom": "1.2.0",
        "@redis/client": "1.6.0",
        "@redis/graph": "1.1.1",
        "@redis/json": "1.0.7",
        "@redis/search": "1.2.0",
        "@redis/time-series": "1.1.0"
      }
    },
    "node_modules/retry": {
      "version": "0.6.0",
      "resolved": "https://registry.npmjs.org/retry/-/retry-0.6.0.tgz",
      "integrity": "sha512-RgncoxLF1GqwAzTZs/K2YpZkWrdIYbXsmesdomi+iPilSzjUyr/wzNIuteoTVaWokzdwZIJ9NHRNQa/RUiOB2g==",
      "engines": {
        "node": "*"
      }
    },
    "node_modules/simple-lru-cache": {
      "version": "0.0.2",
      "resolved": "https://registry.npmjs.org/simple-lru-cache/-/simple-lru-cache-0.0.2.tgz",
      "integrity": "sha512-uEv/AFO0ADI7d99OHDmh1QfYzQk/izT1vCmu/riQfh7qjBVUUgRT87E5s5h7CxWCA/+YoZerykpEthzVrW3LIw=="
    },
    "node_modules/typescript": {
      "version": "5.5.4",
      "resolved": "https://registry.npmjs.org/typescript/-/typescript-5.5.4.tgz",
      "integrity": "sha512-Mtq29sKDAEYP7aljRgtPOpTvOfbwRWlS6dPRzwjdE+C0R4brX/GUyhHSecbHMFLNBLcJIPt9nl9yG5TZ1weH+Q==",
      "dev": true,
      "bin": {
        "tsc": "bin/tsc",
        "tsserver": "bin/tsserver"
      },
      "engines": {
        "node": ">=14.17"
      }
    },
    "node_modules/undici-types": {
      "version": "6.13.0",
      "resolved": "https://registry.npmjs.org/undici-types/-/undici-types-6.13.0.tgz",
      "integrity": "sha512-xtFJHudx8S2DSoujjMd1WeWvn7KKWFRESZTMeL1RptAYERu29D6jphMjjY+vn96jvN3kVPDNxU/E13VTaXj6jg=="
    },
    "node_modules/yallist": {
      "version": "4.0.0",
      "resolved": "https://registry.npmjs.org/yallist/-/yallist-4.0.0.tgz",
      "integrity": "sha512-3wdGidZyq5PB084XLES5TpOSRA3wjXAlIWMhum2kRcv/41Sn2emQ0dycQW4uZXLejwKvg6EsvbdlVL+FYEct7A=="
    }
  },
  "dependencies": {
    "@redis/bloom": {
      "version": "1.2.0",
      "resolved": "https://registry.npmjs.org/@redis/bloom/-/bloom-1.2.0.tgz",
      "integrity": "sha512-HG2DFjYKbpNmVXsa0keLHp/3leGJz1mjh09f2RLGGLQZzSHpkmZWuwJbAvo3QcRY8p80m5+ZdXZdYOSBLlp7Cg==",
      "requires": {}
    },
    "@redis/client": {
      "version": "1.6.0",
      "resolved": "https://registry.npmjs.org/@redis/client/-/client-1.6.0.tgz",
      "integrity": "sha512-aR0uffYI700OEEH4gYnitAnv3vzVGXCFvYfdpu/CJKvk4pHfLPEy/JSZyrpQ+15WhXe1yJRXLtfQ84s4mEXnPg==",
      "requires": {
        "cluster-key-slot": "1.1.2",
        "generic-pool": "3.9.0",
        "yallist": "4.0.0"
      }
    },
    "@redis/graph": {
      "version": "1.1.1",
      "resolved": "https://registry.npmjs.org/@redis/graph/-/graph-1.1.1.tgz",
      "integrity": "sha512-FEMTcTHZozZciLRl6GiiIB4zGm5z5F3F6a6FZCyrfxdKOhFlGkiAqlexWMBzCi4DcRoyiOsuLfW+cjlGWyExOw==",
      "requires": {}
    },
    "@redis/json": {
      "version": "1.0.7",
      "resolved": "https://registry.npmjs.org/@redis/json/-/json-1.0.7.tgz",
      "integrity": "sha512-6UyXfjVaTBTJtKNG4/9Z8PSpKE6XgSyEb8iwaqDcy+uKrd/DGYHTWkUdnQDyzm727V7p21WUMhsqz5oy65kPcQ==",
      "requires": {}
    },
    "@redis/search": {
      "version": "1.2.0",
      "resolved": "https://registry.npmjs.org/@redis/search/-/search-1.2.0.tgz",
      "integrity": "sha512-tYoDBbtqOVigEDMAcTGsRlMycIIjwMCgD8eR2t0NANeQmgK/lvxNAvYyb6bZDD4frHRhIHkJu2TBRvB0ERkOmw==",
      "requires": {}
    },
    "@redis/time-series": {
      "version": "1.1.0",
      "resolved": "https://registry.npmjs.org/@redis/time-series/-/time-series-1.1.0.tgz",
      "integrity": "sha512-c1Q99M5ljsIuc4YdaCwfUEXsofakb9c8+Zse2qxTadu8TalLXuAESzLvFAvNVbkmSlvlzIQOLpBCmWI9wTOt+g==",
      "requires": {}
    },
    "@types/memcached": {
      "version": "2.2.10",
      "resolved": "https://registry.npmjs.org/@types/memcached/-/memcached-2.2.10.tgz",
      "integrity": "sha512-AM9smvZN55Gzs2wRrqeMHVP7KE8KWgCJO/XL5yCly2xF6EKa4YlbpK+cLSAH4NG/Ah64HrlegmGqW8kYws7Vxg==",
      "requires": {
        "@types/node": "*"
      }
    },
    "@types/node": {
      "version": "22.1.0",
      "resolved": "https://registry.npmjs.org/@types/node/-/node-22.1.0.tgz",
      "integrity": "sha512-AOmuRF0R2/5j1knA3c6G3HOk523Ga+l+ZXltX8SF1+5oqcXijjfTd8fY3XRZqSihEu9XhtQnKYLmkFaoxgsJHw==",
      "requires": {
        "undici-types": "~6.13.0"
      }
    },
    "@types/redis": {
      "version": "4.0.11",
      "resolved": "https://registry.npmjs.org/@types/redis/-/redis-4.0.11.tgz",
      "integrity": "sha512-bI+gth8La8Wg/QCR1+V1fhrL9+LZUSWfcqpOj2Kc80ZQ4ffbdL173vQd5wovmoV9i071FU9oP2g6etLuEwb6Rg==",
      "requires": {
        "redis": "*"
      }
    },
    "cluster-key-slot": {
      "version": "1.1.2",
      "resolved": "https://registry.npmjs.org/cluster-key-slot/-/cluster-key-slot-1.1.2.tgz",
      "integrity": "sha512-RMr0FhtfXemyinomL4hrWcYJxmX6deFdCxpJzhDttxgO1+bcCnkk+9drydLVDmAMG7NE6aN/fl4F7ucU/90gAA=="
    },
    "connection-parse": {
      "version": "0.0.7",
      "resolved": "https://registry.npmjs.org/connection-parse/-/connection-parse-0.0.7.tgz",
      "integrity": "sha512-bTTG28diWg7R7/+qE5NZumwPbCiJOT8uPdZYu674brDjBWQctbaQbYlDKhalS+4i5HxIx+G8dZsnBHKzWpp01A=="
    },
    "generic-pool": {
      "version": "3.9.0",
      "resolved": "https://registry.npmjs.org/generic-pool/-/generic-pool-3.9.0.tgz",
      "integrity": "sha512-hymDOu5B53XvN4QT9dBmZxPX4CWhBPPLguTZ9MMFeFa/Kg0xWVfylOVNlJji/E7yTZWFd/q9GO5TxDLq156D7g=="
    },
    "hashring": {
      "version": "3.2.0",
      "resolved": "https://registry.npmjs.org/hashring/-/hashring-3.2.0.tgz",
      "integrity": "sha512-xCMovURClsQZ+TR30icCZj+34Fq1hs0y6YCASD6ZqdRfYRybb5Iadws2WS+w09mGM/kf9xyA5FCdJQGcgcraSA==",
      "requires": {
        "connection-parse": "0.0.x",
        "simple-lru-cache": "0.0.x"
      }
    },
    "jackpot": {
      "version": "0.0.6",
      "resolved": "https://registry.npmjs.org/jackpot/-/jackpot-0.0.6.tgz",
      "integrity": "sha512-rbWXX+A9ooq03/dfavLg9OXQ8YB57Wa7PY5c4LfU3CgFpwEhhl3WyXTQVurkaT7zBM5I9SSOaiLyJ4I0DQmC0g==",
      "requires": {
        "retry": "0.6.0"
      }
    },
    "memcached": {
      "version": "2.2.2",
      "resolved": "https://registry.npmjs.org/memcached/-/memcached-2.2.2.tgz",
      "integrity": "sha512-lHwUmqkT9WdUUgRsAvquO4xsKXYaBd644Orz31tuth+w/BIfFNuJMWwsG7sa7H3XXytaNfPTZ5R/yOG3d9zJMA==",
      "requires": {
        "hashring": "3.2.x",
        "jackpot": ">=0.0.6"
      }
    },
    "redis": {
      "version": "4.7.0",
      "resolved": "https://registry.npmjs.org/redis/-/redis-4.7.0.tgz",
      "integrity": "sha512-zvmkHEAdGMn+hMRXuMBtu4Vo5P6rHQjLoHftu+lBqq8ZTA3RCVC/WzD790bkKKiNFp7d5/9PcSD19fJyyRvOdQ==",
      "requires": {
        "@redis/bloom": "1.2.0",
        "@redis/client": "1.6.0",
        "@redis/graph": "1.1.1",
        "@redis/json": "1.0.7",
        "@redis/search": "1.2.0",
        "@redis/time-series": "1.1.0"
      }
    },
    "retry": {
      "version": "0.6.0",
      "resolved": "https://registry.npmjs.org/retry/-/retry-0.6.0.tgz",
      "integrity": "sha512-RgncoxLF1GqwAzTZs/K2YpZkWrdIYbXsmesdomi+iPilSzjUyr/wzNIuteoTVaWokzdwZIJ9NHRNQa/RUiOB2g=="
    },
    "simple-lru-cache": {
      "version": "0.0.2",
      "resolved": "https://registry.npmjs.org/simple-lru-cache/-/simple-lru-cache-0.0.2.tgz",
      "integrity": "sha512-uEv/AFO0ADI7d99OHDmh1QfYzQk/izT1vCmu/riQfh7qjBVUUgRT87E5s5h7CxWCA/+YoZerykpEthzVrW3LIw=="
    },
    "typescript": {
      "version": "5.5.4",
      "resolved": "https://registry.npmjs.org/typescript/-/typescript-5.5.4.tgz",
      "integrity": "sha512-Mtq29sKDAEYP7aljRgtPOpTvOfbwRWlS6dPRzwjdE+C0R4brX/GUyhHSecbHMFLNBLcJIPt9nl9yG5TZ1weH+Q==",
      "dev": true
    },
    "undici-types": {
      "version": "6.13.0",
      "resolved": "https://registry.npmjs.org/undici-types/-/undici-types-6.13.0.tgz",
      "integrity": "sha512-xtFJHudx8S2DSoujjMd1WeWvn7KKWFRESZTMeL1RptAYERu29D6jphMjjY+vn96jvN3kVPDNxU/E13VTaXj6jg=="
    },
    "yallist": {
      "version": "4.0.0",
      "resolved": "https://registry.npmjs.org/yallist/-/yallist-4.0.0.tgz",
      "integrity": "sha512-3wdGidZyq5PB084XLES5TpOSRA3wjXAlIWMhum2kRcv/41Sn2emQ0dycQW4uZXLejwKvg6EsvbdlVL+FYEct7A=="
    }
  }
}
